// !$*UTF8*$!
{
	archiveVersion = 1;
	classes = {
	};
	objectVersion = 46;
	objects = {

/* Begin PBXAggregateTarget section */
		17C7D9C68273F73911A8A557 /* ZERO_CHECK */ = {
			isa = PBXAggregateTarget;
			buildConfigurationList = 30846BA037474A77A9F8AFD5 /* Build configuration list for PBXAggregateTarget "ZERO_CHECK" */;
			buildPhases = (
				D68F145555FA3F730EBE1AF4 /* Generate CMakeFiles/ZERO_CHECK */,
			);
			dependencies = (
			);
			name = ZERO_CHECK;
			productName = ZERO_CHECK;
		};
		789D268FA62F12A6F62D87AB /* ALL_BUILD */ = {
			isa = PBXAggregateTarget;
			buildConfigurationList = AC62BFC1B49340CA864F72FC /* Build configuration list for PBXAggregateTarget "ALL_BUILD" */;
			buildPhases = (
				0FEF622A77C0115BDC1D7661 /* Generate CMakeFiles/ALL_BUILD */,
			);
			dependencies = (
				5ED91F179EF4494D909F8E4E /* PBXTargetDependency */,
				44F600B9CA3449EC974F65D2 /* PBXTargetDependency */,
			);
			name = ALL_BUILD;
			productName = ALL_BUILD;
		};
/* End PBXAggregateTarget section */

/* Begin PBXBuildFile section */
		8277ACE5BE9046B9B9F9C146 /* /Users/user/Dropbox/MSc DATA SCIENCE/SCC.462 - Distributed Artifical Intelligence/FINAL PROJECT (1ST MAY)/GameOfLife/CMakeLists.txt */ = {isa = PBXBuildFile; fileRef = 9398B4CB10DE41748DF8A16F /* /Users/user/Dropbox/MSc DATA SCIENCE/SCC.462 - Distributed Artifical Intelligence/FINAL PROJECT (1ST MAY)/GameOfLife/CMakeLists.txt */; };
		E3271E4FE55A452EAC100F90 /* /Users/user/Dropbox/MSc DATA SCIENCE/SCC.462 - Distributed Artifical Intelligence/FINAL PROJECT (1ST MAY)/GameOfLife/main.cpp */ = {isa = PBXBuildFile; fileRef = CF9A78D38C214AC1B418A84E /* /Users/user/Dropbox/MSc DATA SCIENCE/SCC.462 - Distributed Artifical Intelligence/FINAL PROJECT (1ST MAY)/GameOfLife/main.cpp */; };
/* End PBXBuildFile section */

/* Begin PBXBuildStyle section */
		C7E6D0618C994B54B8F796B5 /* Release */ = {
			isa = PBXBuildStyle;
			buildSettings = {
				COPY_PHASE_STRIP = NO;
			};
			name = Release;
		};
		D6F7FCEC28FC462A98BD704C /* RelWithDebInfo */ = {
			isa = PBXBuildStyle;
			buildSettings = {
				COPY_PHASE_STRIP = NO;
			};
			name = RelWithDebInfo;
		};
		E0B2795B11DA4BA387995A5A /* MinSizeRel */ = {
			isa = PBXBuildStyle;
			buildSettings = {
				COPY_PHASE_STRIP = NO;
			};
			name = MinSizeRel;
		};
		E45A1A211742427083BADC17 /* Debug */ = {
			isa = PBXBuildStyle;
			buildSettings = {
				COPY_PHASE_STRIP = NO;
			};
			name = Debug;
		};
/* End PBXBuildStyle section */

/* Begin PBXContainerItemProxy section */
		2C22F13E8E374781A87A4CE4 /* PBXContainerItemProxy */ = {
			isa = PBXContainerItemProxy;
			containerPortal = 0F7E0CB38485405099865E16 /* Project object */;
			proxyType = 1;
			remoteGlobalIDString = 17C7D9C68273F73911A8A557;
			remoteInfo = ZERO_CHECK;
		};
		DB0E6519F1034C579F68DF28 /* PBXContainerItemProxy */ = {
			isa = PBXContainerItemProxy;
			containerPortal = 0F7E0CB38485405099865E16 /* Project object */;
			proxyType = 1;
			remoteGlobalIDString = 3A3F303393379DCE5F58E58C;
			remoteInfo = GameOfLifeA;
		};
		F8CE86E1E57949ED9F0B9B63 /* PBXContainerItemProxy */ = {
			isa = PBXContainerItemProxy;
			containerPortal = 0F7E0CB38485405099865E16 /* Project object */;
			proxyType = 1;
			remoteGlobalIDString = 17C7D9C68273F73911A8A557;
			remoteInfo = ZERO_CHECK;
		};
/* End PBXContainerItemProxy section */

/* Begin PBXFileReference section */
		2B0F94A163984561A6BB0C4C /* /Users/user/Dropbox/MSc DATA SCIENCE/SCC.462 - Distributed Artifical Intelligence/FINAL PROJECT (1ST MAY)/GameOfLife/CMakeLists.txt */ = {isa = PBXFileReference; explicitFileType = sourcecode.text; fileEncoding = 4; name = CMakeLists.txt; path = CMakeLists.txt; sourceTree = SOURCE_ROOT; };
		9398B4CB10DE41748DF8A16F /* /Users/user/Dropbox/MSc DATA SCIENCE/SCC.462 - Distributed Artifical Intelligence/FINAL PROJECT (1ST MAY)/GameOfLife/CMakeLists.txt */ = {isa = PBXFileReference; explicitFileType = sourcecode.text; fileEncoding = 4; name = CMakeLists.txt; path = CMakeLists.txt; sourceTree = SOURCE_ROOT; };
		CF9A78D38C214AC1B418A84E /* /Users/user/Dropbox/MSc DATA SCIENCE/SCC.462 - Distributed Artifical Intelligence/FINAL PROJECT (1ST MAY)/GameOfLife/main.cpp */ = {isa = PBXFileReference; explicitFileType = sourcecode.cpp.cpp; fileEncoding = 4; name = main.cpp; path = main.cpp; sourceTree = SOURCE_ROOT; };
		FED95935201E46D5BB10ED08 /* GameOfLifeA */ = {isa = PBXFileReference; explicitFileType = "compiled.mach-o.executable"; path = GameOfLifeA; sourceTree = BUILT_PRODUCTS_DIR; };
/* End PBXFileReference section */

/* Begin PBXFrameworksBuildPhase section */
		1DDD61575B844AD9AE526A0B /* Frameworks */ = {
			isa = PBXFrameworksBuildPhase;
			buildActionMask = 2147483647;
			files = (
			);
			runOnlyForDeploymentPostprocessing = 0;
		};
/* End PBXFrameworksBuildPhase section */

/* Begin PBXGroup section */
		1F6833E37C014CD49DD08961 /* GameOfLifeA */ = {
			isa = PBXGroup;
			children = (
				237C679815254B19AE84C874 /* Source Files */,
				9398B4CB10DE41748DF8A16F /* /Users/user/Dropbox/MSc DATA SCIENCE/SCC.462 - Distributed Artifical Intelligence/FINAL PROJECT (1ST MAY)/GameOfLife/CMakeLists.txt */,
			);
			name = GameOfLifeA;
			sourceTree = "<group>";
		};
		237C679815254B19AE84C874 /* Source Files */ = {
			isa = PBXGroup;
			children = (
				CF9A78D38C214AC1B418A84E /* /Users/user/Dropbox/MSc DATA SCIENCE/SCC.462 - Distributed Artifical Intelligence/FINAL PROJECT (1ST MAY)/GameOfLife/main.cpp */,
			);
			name = "Source Files";
			sourceTree = "<group>";
		};
		38091AC8175C4F64B89D6B19 /* CMake Rules */ = {
			isa = PBXGroup;
			children = (
			);
			name = "CMake Rules";
			sourceTree = "<group>";
		};
		5D11B54324524DF98F409005 /* ALL_BUILD */ = {
			isa = PBXGroup;
			children = (
				38091AC8175C4F64B89D6B19 /* CMake Rules */,
				2B0F94A163984561A6BB0C4C /* /Users/user/Dropbox/MSc DATA SCIENCE/SCC.462 - Distributed Artifical Intelligence/FINAL PROJECT (1ST MAY)/GameOfLife/CMakeLists.txt */,
			);
			name = ALL_BUILD;
			sourceTree = "<group>";
		};
		85DF0AE2E7E44A5F8110AF8E /* Products */ = {
			isa = PBXGroup;
			children = (
				FED95935201E46D5BB10ED08 /* GameOfLifeA */,
			);
			name = Products;
			sourceTree = "<group>";
		};
		9983745E321F4AD38D5AE7A6 /* Resources */ = {
			isa = PBXGroup;
			children = (
			);
			name = Resources;
			sourceTree = "<group>";
		};
		AF7D161F484348698E7A15AF = {
			isa = PBXGroup;
			children = (
				1F6833E37C014CD49DD08961 /* GameOfLifeA */,
				5D11B54324524DF98F409005 /* ALL_BUILD */,
				85DF0AE2E7E44A5F8110AF8E /* Products */,
				C5B47C8BFB0F4CA8986300D8 /* Frameworks */,
				9983745E321F4AD38D5AE7A6 /* Resources */,
			);
			sourceTree = "<group>";
		};
		C5B47C8BFB0F4CA8986300D8 /* Frameworks */ = {
			isa = PBXGroup;
			children = (
			);
			name = Frameworks;
			sourceTree = "<group>";
		};
/* End PBXGroup section */

/* Begin PBXNativeTarget section */
		3A3F303393379DCE5F58E58C /* GameOfLifeA */ = {
			isa = PBXNativeTarget;
			buildConfigurationList = D8291DF77A8944C29FF5F96F /* Build configuration list for PBXNativeTarget "GameOfLifeA" */;
			buildPhases = (
				6D79018390A0473A811C7F2A /* Sources */,
				1DDD61575B844AD9AE526A0B /* Frameworks */,
			);
			buildRules = (
			);
			dependencies = (
				106975FC37BE4235B11A8C71 /* PBXTargetDependency */,
			);
			name = GameOfLifeA;
			productName = GameOfLifeA;
			productReference = FED95935201E46D5BB10ED08 /* GameOfLifeA */;
			productType = "com.apple.product-type.tool";
		};
/* End PBXNativeTarget section */

/* Begin PBXProject section */
		0F7E0CB38485405099865E16 /* Project object */ = {
			isa = PBXProject;
			attributes = {
				BuildIndependentTargetsInParallel = YES;
				LastUpgradeCheck = 1620;
			};
			buildConfigurationList = A73A663E5F7B4D4B83717580 /* Build configuration list for PBXProject "GameOfLifeA" */;
			buildSettings = {
			};
			buildStyles = (
				E45A1A211742427083BADC17 /* Debug */,
				C7E6D0618C994B54B8F796B5 /* Release */,
				E0B2795B11DA4BA387995A5A /* MinSizeRel */,
				D6F7FCEC28FC462A98BD704C /* RelWithDebInfo */,
			);
			compatibilityVersion = "Xcode 3.2";
			hasScannedForEncodings = 0;
			mainGroup = AF7D161F484348698E7A15AF;
			projectDirPath = "/Users/user/Dropbox/MSc DATA SCIENCE/SCC.462 - Distributed Artifical Intelligence/FINAL PROJECT (1ST MAY)/GameOfLife";
			projectRoot = "";
			targets = (
				789D268FA62F12A6F62D87AB /* ALL_BUILD */,
				3A3F303393379DCE5F58E58C /* GameOfLifeA */,
				17C7D9C68273F73911A8A557 /* ZERO_CHECK */,
			);
		};
/* End PBXProject section */

/* Begin PBXShellScriptBuildPhase section */
		0FEF622A77C0115BDC1D7661 /* Generate CMakeFiles/ALL_BUILD */ = {
			isa = PBXShellScriptBuildPhase;
			alwaysOutOfDate = 1;
			buildActionMask = 2147483647;
			files = (
			);
			inputPaths = (
			);
			name = "Generate CMakeFiles/ALL_BUILD";
			outputPaths = (
"/Users/user/Dropbox/MSc DATA SCIENCE/SCC.462 - Distributed Artifical Intelligence/FINAL PROJECT (1ST MAY)/GameOfLife/_build/CMakeFiles/ALL_BUILD"			);
			runOnlyForDeploymentPostprocessing = 0;
			shellPath = /bin/sh;
			shellScript = "set -e
if test \"$CONFIGURATION\" = \"Debug\"; then :
  cd \"/Users/user/Dropbox/MSc DATA SCIENCE/SCC.462 - Distributed Artifical Intelligence/FINAL PROJECT (1ST MAY)/GameOfLife/_build\"
  echo Build\\ all\\ projects
fi
if test \"$CONFIGURATION\" = \"Release\"; then :
  cd \"/Users/user/Dropbox/MSc DATA SCIENCE/SCC.462 - Distributed Artifical Intelligence/FINAL PROJECT (1ST MAY)/GameOfLife/_build\"
  echo Build\\ all\\ projects
fi
if test \"$CONFIGURATION\" = \"MinSizeRel\"; then :
  cd \"/Users/user/Dropbox/MSc DATA SCIENCE/SCC.462 - Distributed Artifical Intelligence/FINAL PROJECT (1ST MAY)/GameOfLife/_build\"
  echo Build\\ all\\ projects
fi
if test \"$CONFIGURATION\" = \"RelWithDebInfo\"; then :
  cd \"/Users/user/Dropbox/MSc DATA SCIENCE/SCC.462 - Distributed Artifical Intelligence/FINAL PROJECT (1ST MAY)/GameOfLife/_build\"
  echo Build\\ all\\ projects
fi
";
			showEnvVarsInLog = 0;
		};
		3C0110FC8322DE7E50886E21 = {
			isa = PBXShellScriptBuildPhase;
			buildActionMask = 2147483647;
			files = (
			);
			inputPaths = (
			);
			outputPaths = (
			);
			runOnlyForDeploymentPostprocessing = 0;
			shellPath = /bin/sh;
			shellScript = "# shell script goes here
exit 0";
			showEnvVarsInLog = 0;
		};
		9B50530E35CC49C82C2FACCF = {
			isa = PBXShellScriptBuildPhase;
			buildActionMask = 2147483647;
			files = (
			);
			inputPaths = (
			);
			outputPaths = (
			);
			runOnlyForDeploymentPostprocessing = 0;
			shellPath = /bin/sh;
			shellScript = "# shell script goes here
exit 0";
			showEnvVarsInLog = 0;
		};
		D68F145555FA3F730EBE1AF4 /* Generate CMakeFiles/ZERO_CHECK */ = {
			isa = PBXShellScriptBuildPhase;
			alwaysOutOfDate = 1;
			buildActionMask = 2147483647;
			files = (
			);
			inputPaths = (
			);
			name = "Generate CMakeFiles/ZERO_CHECK";
			outputPaths = (
"/Users/user/Dropbox/MSc DATA SCIENCE/SCC.462 - Distributed Artifical Intelligence/FINAL PROJECT (1ST MAY)/GameOfLife/_build/CMakeFiles/ZERO_CHECK"			);
			runOnlyForDeploymentPostprocessing = 0;
			shellPath = /bin/sh;
			shellScript = "set -e
if test \"$CONFIGURATION\" = \"Debug\"; then :
  cd \"/Users/user/Dropbox/MSc DATA SCIENCE/SCC.462 - Distributed Artifical Intelligence/FINAL PROJECT (1ST MAY)/GameOfLife/_build\"
  make -f /Users/user/Dropbox/MSc\\ DATA\\ SCIENCE/SCC.462\\ -\\ Distributed\\ Artifical\\ Intelligence/FINAL\\ PROJECT\\ (1ST\\ MAY)/GameOfLife/_build/CMakeScripts/ReRunCMake.make
fi
if test \"$CONFIGURATION\" = \"Release\"; then :
  cd \"/Users/user/Dropbox/MSc DATA SCIENCE/SCC.462 - Distributed Artifical Intelligence/FINAL PROJECT (1ST MAY)/GameOfLife/_build\"
  make -f /Users/user/Dropbox/MSc\\ DATA\\ SCIENCE/SCC.462\\ -\\ Distributed\\ Artifical\\ Intelligence/FINAL\\ PROJECT\\ (1ST\\ MAY)/GameOfLife/_build/CMakeScripts/ReRunCMake.make
fi
if test \"$CONFIGURATION\" = \"MinSizeRel\"; then :
  cd \"/Users/user/Dropbox/MSc DATA SCIENCE/SCC.462 - Distributed Artifical Intelligence/FINAL PROJECT (1ST MAY)/GameOfLife/_build\"
  make -f /Users/user/Dropbox/MSc\\ DATA\\ SCIENCE/SCC.462\\ -\\ Distributed\\ Artifical\\ Intelligence/FINAL\\ PROJECT\\ (1ST\\ MAY)/GameOfLife/_build/CMakeScripts/ReRunCMake.make
fi
if test \"$CONFIGURATION\" = \"RelWithDebInfo\"; then :
  cd \"/Users/user/Dropbox/MSc DATA SCIENCE/SCC.462 - Distributed Artifical Intelligence/FINAL PROJECT (1ST MAY)/GameOfLife/_build\"
  make -f /Users/user/Dropbox/MSc\\ DATA\\ SCIENCE/SCC.462\\ -\\ Distributed\\ Artifical\\ Intelligence/FINAL\\ PROJECT\\ (1ST\\ MAY)/GameOfLife/_build/CMakeScripts/ReRunCMake.make
fi
";
			showEnvVarsInLog = 0;
		};
/* End PBXShellScriptBuildPhase section */

/* Begin PBXSourcesBuildPhase section */
		6D79018390A0473A811C7F2A /* Sources */ = {
			isa = PBXSourcesBuildPhase;
			buildActionMask = 2147483647;
			files = (
				E3271E4FE55A452EAC100F90 /* /Users/user/Dropbox/MSc DATA SCIENCE/SCC.462 - Distributed Artifical Intelligence/FINAL PROJECT (1ST MAY)/GameOfLife/main.cpp */,
			);
			runOnlyForDeploymentPostprocessing = 0;
		};
/* End PBXSourcesBuildPhase section */

/* Begin PBXTargetDependency section */
		106975FC37BE4235B11A8C71 /* PBXTargetDependency */ = {
			isa = PBXTargetDependency;
			target = 17C7D9C68273F73911A8A557 /* ZERO_CHECK */;
			targetProxy = F8CE86E1E57949ED9F0B9B63 /* PBXContainerItemProxy */;
		};
		44F600B9CA3449EC974F65D2 /* PBXTargetDependency */ = {
			isa = PBXTargetDependency;
			target = 17C7D9C68273F73911A8A557 /* ZERO_CHECK */;
			targetProxy = 2C22F13E8E374781A87A4CE4 /* PBXContainerItemProxy */;
		};
		5ED91F179EF4494D909F8E4E /* PBXTargetDependency */ = {
			isa = PBXTargetDependency;
			target = 3A3F303393379DCE5F58E58C /* GameOfLifeA */;
			targetProxy = DB0E6519F1034C579F68DF28 /* PBXContainerItemProxy */;
		};
/* End PBXTargetDependency section */

/* Begin XCBuildConfiguration section */
		03AE681DEEFE4FC59A301899 /* Debug */ = {
			isa = XCBuildConfiguration;
			buildSettings = {
				ALWAYS_SEARCH_USER_PATHS = NO;
				COMBINE_HIDPI_IMAGES = YES;
				CONFIGURATION_BUILD_DIR = "/Users/user/Dropbox/MSc DATA SCIENCE/SCC.462 - Distributed Artifical Intelligence/FINAL PROJECT (1ST MAY)/GameOfLife/_build/build/Debug";
				EXECUTABLE_PREFIX = "";
				EXECUTABLE_SUFFIX = "";
				GCC_GENERATE_DEBUGGING_SYMBOLS = YES;
				GCC_INLINES_ARE_PRIVATE_EXTERN = NO;
				GCC_OPTIMIZATION_LEVEL = 0;
				GCC_PREPROCESSOR_DEFINITIONS = ("'CMAKE_INTDIR=\"$(CONFIGURATION)$(EFFECTIVE_PLATFORM_NAME)\"'","$(inherited)");
				GCC_SYMBOLS_PRIVATE_EXTERN = NO;
				INSTALL_PATH = "";
				OTHER_CPLUSPLUSFLAGS = "   '-std=gnu++20' ";
				OTHER_LDFLAGS = (" -Wl,-search_paths_first -Wl,-headerpad_max_install_names","$(inherited)");
				OTHER_REZFLAGS = "";
				PRODUCT_NAME = GameOfLifeA;
				SECTORDER_FLAGS = "";
				TARGET_TEMP_DIR = "/Users/user/Dropbox/MSc DATA SCIENCE/SCC.462 - Distributed Artifical Intelligence/FINAL PROJECT (1ST MAY)/GameOfLife/_build/build/GameOfLifeA.build/$(CONFIGURATION)$(EFFECTIVE_PLATFORM_NAME)";
				USE_HEADERMAP = NO;
				WARNING_CFLAGS = ("$(inherited)");
			};
			name = Debug;
		};
		05E7E6EC1975424C8344A49D /* Debug */ = {
			isa = XCBuildConfiguration;
			buildSettings = {
				ARCHS = "$(NATIVE_ARCH_ACTUAL)";
				ONLY_ACTIVE_ARCH = YES;
				SDKROOT = /Applications/Xcode.app/Contents/Developer/Platforms/MacOSX.platform/Developer/SDKs/MacOSX15.2.sdk;
				SYMROOT = "/Users/user/Dropbox/MSc DATA SCIENCE/SCC.462 - Distributed Artifical Intelligence/FINAL PROJECT (1ST MAY)/GameOfLife/_build/build";
			};
			name = Debug;
		};
		2DF0FC53453142A295529DD8 /* Release */ = {
			isa = XCBuildConfiguration;
			buildSettings = {
				ALWAYS_SEARCH_USER_PATHS = NO;
				COMBINE_HIDPI_IMAGES = YES;
				GCC_GENERATE_DEBUGGING_SYMBOLS = YES;
				GCC_INLINES_ARE_PRIVATE_EXTERN = NO;
				GCC_OPTIMIZATION_LEVEL = 0;
				GCC_PREPROCESSOR_DEFINITIONS = ("'CMAKE_INTDIR=\"$(CONFIGURATION)$(EFFECTIVE_PLATFORM_NAME)\"'","$(inherited)");
				GCC_SYMBOLS_PRIVATE_EXTERN = NO;
				INSTALL_PATH = "";
				OTHER_LDFLAGS = ("","$(inherited)");
				OTHER_REZFLAGS = "";
				PRODUCT_NAME = ZERO_CHECK;
				SECTORDER_FLAGS = "";
				USE_HEADERMAP = NO;
				WARNING_CFLAGS = ("$(inherited)");
			};
			name = Release;
		};
		31123A1EC1B44CAEA10900D7 /* RelWithDebInfo */ = {
			isa = XCBuildConfiguration;
			buildSettings = {
				ALWAYS_SEARCH_USER_PATHS = NO;
				COMBINE_HIDPI_IMAGES = YES;
				GCC_GENERATE_DEBUGGING_SYMBOLS = YES;
				GCC_INLINES_ARE_PRIVATE_EXTERN = NO;
				GCC_OPTIMIZATION_LEVEL = 0;
				GCC_PREPROCESSOR_DEFINITIONS = ("'CMAKE_INTDIR=\"$(CONFIGURATION)$(EFFECTIVE_PLATFORM_NAME)\"'","$(inherited)");
				GCC_SYMBOLS_PRIVATE_EXTERN = NO;
				INSTALL_PATH = "";
				OTHER_LDFLAGS = ("","$(inherited)");
				OTHER_REZFLAGS = "";
				PRODUCT_NAME = ZERO_CHECK;
				SECTORDER_FLAGS = "";
				USE_HEADERMAP = NO;
				WARNING_CFLAGS = ("$(inherited)");
			};
			name = RelWithDebInfo;
		};
		3268A2DCDCA34EA2B3CFA9CC /* Debug */ = {
			isa = XCBuildConfiguration;
			buildSettings = {
				ALWAYS_SEARCH_USER_PATHS = NO;
				COMBINE_HIDPI_IMAGES = YES;
				GCC_GENERATE_DEBUGGING_SYMBOLS = YES;
				GCC_INLINES_ARE_PRIVATE_EXTERN = NO;
				GCC_OPTIMIZATION_LEVEL = 0;
				GCC_PREPROCESSOR_DEFINITIONS = ("'CMAKE_INTDIR=\"$(CONFIGURATION)$(EFFECTIVE_PLATFORM_NAME)\"'","$(inherited)");
				GCC_SYMBOLS_PRIVATE_EXTERN = NO;
				INSTALL_PATH = "";
				OTHER_LDFLAGS = ("","$(inherited)");
				OTHER_REZFLAGS = "";
				PRODUCT_NAME = ZERO_CHECK;
				SECTORDER_FLAGS = "";
				USE_HEADERMAP = NO;
				WARNING_CFLAGS = ("$(inherited)");
			};
			name = Debug;
		};
		344E802F343749AC9B4F28DF /* MinSizeRel */ = {
			isa = XCBuildConfiguration;
			buildSettings = {
				ALWAYS_SEARCH_USER_PATHS = NO;
				COMBINE_HIDPI_IMAGES = YES;
				GCC_GENERATE_DEBUGGING_SYMBOLS = YES;
				GCC_INLINES_ARE_PRIVATE_EXTERN = NO;
				GCC_OPTIMIZATION_LEVEL = 0;
				GCC_PREPROCESSOR_DEFINITIONS = ("'CMAKE_INTDIR=\"$(CONFIGURATION)$(EFFECTIVE_PLATFORM_NAME)\"'","$(inherited)");
				GCC_SYMBOLS_PRIVATE_EXTERN = NO;
				INSTALL_PATH = "";
				OTHER_LDFLAGS = ("","$(inherited)");
				OTHER_REZFLAGS = "";
				PRODUCT_NAME = ZERO_CHECK;
				SECTORDER_FLAGS = "";
				USE_HEADERMAP = NO;
				WARNING_CFLAGS = ("$(inherited)");
			};
			name = MinSizeRel;
		};
		5D47B42B72FD4BF0A3B8670B /* RelWithDebInfo */ = {
			isa = XCBuildConfiguration;
			buildSettings = {
				ALWAYS_SEARCH_USER_PATHS = NO;
				COMBINE_HIDPI_IMAGES = YES;
				GCC_GENERATE_DEBUGGING_SYMBOLS = YES;
				GCC_INLINES_ARE_PRIVATE_EXTERN = NO;
				GCC_OPTIMIZATION_LEVEL = 0;
				GCC_PREPROCESSOR_DEFINITIONS = ("'CMAKE_INTDIR=\"$(CONFIGURATION)$(EFFECTIVE_PLATFORM_NAME)\"'","$(inherited)");
				GCC_SYMBOLS_PRIVATE_EXTERN = NO;
				INSTALL_PATH = "";
				OTHER_LDFLAGS = ("","$(inherited)");
				OTHER_REZFLAGS = "";
				PRODUCT_NAME = ALL_BUILD;
				SECTORDER_FLAGS = "";
				USE_HEADERMAP = NO;
				WARNING_CFLAGS = ("$(inherited)");
			};
			name = RelWithDebInfo;
		};
		83D8C0DD23B2407AB96F6803 /* Debug */ = {
			isa = XCBuildConfiguration;
			buildSettings = {
				ALWAYS_SEARCH_USER_PATHS = NO;
				COMBINE_HIDPI_IMAGES = YES;
				GCC_GENERATE_DEBUGGING_SYMBOLS = YES;
				GCC_INLINES_ARE_PRIVATE_EXTERN = NO;
				GCC_OPTIMIZATION_LEVEL = 0;
				GCC_PREPROCESSOR_DEFINITIONS = ("'CMAKE_INTDIR=\"$(CONFIGURATION)$(EFFECTIVE_PLATFORM_NAME)\"'","$(inherited)");
				GCC_SYMBOLS_PRIVATE_EXTERN = NO;
				INSTALL_PATH = "";
				OTHER_LDFLAGS = ("","$(inherited)");
				OTHER_REZFLAGS = "";
				PRODUCT_NAME = ALL_BUILD;
				SECTORDER_FLAGS = "";
				USE_HEADERMAP = NO;
				WARNING_CFLAGS = ("$(inherited)");
			};
			name = Debug;
		};
		9B1E37C3FE194B80B39E43DA /* RelWithDebInfo */ = {
			isa = XCBuildConfiguration;
			buildSettings = {
				ARCHS = "$(NATIVE_ARCH_ACTUAL)";
				ONLY_ACTIVE_ARCH = YES;
				SDKROOT = /Applications/Xcode.app/Contents/Developer/Platforms/MacOSX.platform/Developer/SDKs/MacOSX15.2.sdk;
				SWIFT_COMPILATION_MODE = wholemodule;
				SYMROOT = "/Users/user/Dropbox/MSc DATA SCIENCE/SCC.462 - Distributed Artifical Intelligence/FINAL PROJECT (1ST MAY)/GameOfLife/_build/build";
			};
			name = RelWithDebInfo;
		};
		D7747E7B8F064E3C834AC517 /* Release */ = {
			isa = XCBuildConfiguration;
			buildSettings = {
				ALWAYS_SEARCH_USER_PATHS = NO;
				COMBINE_HIDPI_IMAGES = YES;
				GCC_GENERATE_DEBUGGING_SYMBOLS = YES;
				GCC_INLINES_ARE_PRIVATE_EXTERN = NO;
				GCC_OPTIMIZATION_LEVEL = 0;
				GCC_PREPROCESSOR_DEFINITIONS = ("'CMAKE_INTDIR=\"$(CONFIGURATION)$(EFFECTIVE_PLATFORM_NAME)\"'","$(inherited)");
				GCC_SYMBOLS_PRIVATE_EXTERN = NO;
				INSTALL_PATH = "";
				OTHER_LDFLAGS = ("","$(inherited)");
				OTHER_REZFLAGS = "";
				PRODUCT_NAME = ALL_BUILD;
				SECTORDER_FLAGS = "";
				USE_HEADERMAP = NO;
				WARNING_CFLAGS = ("$(inherited)");
			};
			name = Release;
		};
		E45B3F4521874274A1B5D60A /* RelWithDebInfo */ = {
			isa = XCBuildConfiguration;
			buildSettings = {
				ALWAYS_SEARCH_USER_PATHS = NO;
				COMBINE_HIDPI_IMAGES = YES;
				CONFIGURATION_BUILD_DIR = "/Users/user/Dropbox/MSc DATA SCIENCE/SCC.462 - Distributed Artifical Intelligence/FINAL PROJECT (1ST MAY)/GameOfLife/_build/build/RelWithDebInfo";
				EXECUTABLE_PREFIX = "";
				EXECUTABLE_SUFFIX = "";
				GCC_GENERATE_DEBUGGING_SYMBOLS = YES;
				GCC_INLINES_ARE_PRIVATE_EXTERN = NO;
				GCC_OPTIMIZATION_LEVEL = 2;
				GCC_PREPROCESSOR_DEFINITIONS = ("'CMAKE_INTDIR=\"$(CONFIGURATION)$(EFFECTIVE_PLATFORM_NAME)\"'","$(inherited)");
				GCC_SYMBOLS_PRIVATE_EXTERN = NO;
				INSTALL_PATH = "";
				OTHER_CPLUSPLUSFLAGS = "       -DNDEBUG '-std=gnu++20' ";
				OTHER_LDFLAGS = (" -Wl,-search_paths_first -Wl,-headerpad_max_install_names","$(inherited)");
				OTHER_REZFLAGS = "";
				PRODUCT_NAME = GameOfLifeA;
				SECTORDER_FLAGS = "";
				TARGET_TEMP_DIR = "/Users/user/Dropbox/MSc DATA SCIENCE/SCC.462 - Distributed Artifical Intelligence/FINAL PROJECT (1ST MAY)/GameOfLife/_build/build/GameOfLifeA.build/$(CONFIGURATION)$(EFFECTIVE_PLATFORM_NAME)";
				USE_HEADERMAP = NO;
				WARNING_CFLAGS = ("$(inherited)");
			};
			name = RelWithDebInfo;
		};
		E4D470DF477447B8A5D292A2 /* Release */ = {
			isa = XCBuildConfiguration;
			buildSettings = {
				ARCHS = "$(NATIVE_ARCH_ACTUAL)";
				ONLY_ACTIVE_ARCH = YES;
				SDKROOT = /Applications/Xcode.app/Contents/Developer/Platforms/MacOSX.platform/Developer/SDKs/MacOSX15.2.sdk;
				SWIFT_COMPILATION_MODE = wholemodule;
				SYMROOT = "/Users/user/Dropbox/MSc DATA SCIENCE/SCC.462 - Distributed Artifical Intelligence/FINAL PROJECT (1ST MAY)/GameOfLife/_build/build";
			};
			name = Release;
		};
		E5CBCC54F8F243508FA5EA6B /* MinSizeRel */ = {
			isa = XCBuildConfiguration;
			buildSettings = {
				ALWAYS_SEARCH_USER_PATHS = NO;
				COMBINE_HIDPI_IMAGES = YES;
				CONFIGURATION_BUILD_DIR = "/Users/user/Dropbox/MSc DATA SCIENCE/SCC.462 - Distributed Artifical Intelligence/FINAL PROJECT (1ST MAY)/GameOfLife/_build/build/MinSizeRel";
				EXECUTABLE_PREFIX = "";
				EXECUTABLE_SUFFIX = "";
				GCC_GENERATE_DEBUGGING_SYMBOLS = NO;
				GCC_INLINES_ARE_PRIVATE_EXTERN = NO;
				GCC_OPTIMIZATION_LEVEL = s;
				GCC_PREPROCESSOR_DEFINITIONS = ("'CMAKE_INTDIR=\"$(CONFIGURATION)$(EFFECTIVE_PLATFORM_NAME)\"'","$(inherited)");
				GCC_SYMBOLS_PRIVATE_EXTERN = NO;
				INSTALL_PATH = "";
				OTHER_CPLUSPLUSFLAGS = "    -DNDEBUG '-std=gnu++20' ";
				OTHER_LDFLAGS = (" -Wl,-search_paths_first -Wl,-headerpad_max_install_names","$(inherited)");
				OTHER_REZFLAGS = "";
				PRODUCT_NAME = GameOfLifeA;
				SECTORDER_FLAGS = "";
				TARGET_TEMP_DIR = "/Users/user/Dropbox/MSc DATA SCIENCE/SCC.462 - Distributed Artifical Intelligence/FINAL PROJECT (1ST MAY)/GameOfLife/_build/build/GameOfLifeA.build/$(CONFIGURATION)$(EFFECTIVE_PLATFORM_NAME)";
				USE_HEADERMAP = NO;
				WARNING_CFLAGS = ("$(inherited)");
			};
			name = MinSizeRel;
		};
		F29B7B51D9A044459898D1CC /* MinSizeRel */ = {
			isa = XCBuildConfiguration;
			buildSettings = {
				ARCHS = "$(NATIVE_ARCH_ACTUAL)";
				ONLY_ACTIVE_ARCH = YES;
				SDKROOT = /Applications/Xcode.app/Contents/Developer/Platforms/MacOSX.platform/Developer/SDKs/MacOSX15.2.sdk;
				SWIFT_COMPILATION_MODE = wholemodule;
				SYMROOT = "/Users/user/Dropbox/MSc DATA SCIENCE/SCC.462 - Distributed Artifical Intelligence/FINAL PROJECT (1ST MAY)/GameOfLife/_build/build";
			};
			name = MinSizeRel;
		};
		F7FA3BC7D69E43AD836527CD /* MinSizeRel */ = {
			isa = XCBuildConfiguration;
			buildSettings = {
				ALWAYS_SEARCH_USER_PATHS = NO;
				COMBINE_HIDPI_IMAGES = YES;
				GCC_GENERATE_DEBUGGING_SYMBOLS = YES;
				GCC_INLINES_ARE_PRIVATE_EXTERN = NO;
				GCC_OPTIMIZATION_LEVEL = 0;
				GCC_PREPROCESSOR_DEFINITIONS = ("'CMAKE_INTDIR=\"$(CONFIGURATION)$(EFFECTIVE_PLATFORM_NAME)\"'","$(inherited)");
				GCC_SYMBOLS_PRIVATE_EXTERN = NO;
				INSTALL_PATH = "";
				OTHER_LDFLAGS = ("","$(inherited)");
				OTHER_REZFLAGS = "";
				PRODUCT_NAME = ALL_BUILD;
				SECTORDER_FLAGS = "";
				USE_HEADERMAP = NO;
				WARNING_CFLAGS = ("$(inherited)");
			};
			name = MinSizeRel;
		};
		FA239B0BD0684DC79C7BDD41 /* Release */ = {
			isa = XCBuildConfiguration;
			buildSettings = {
				ALWAYS_SEARCH_USER_PATHS = NO;
				COMBINE_HIDPI_IMAGES = YES;
				CONFIGURATION_BUILD_DIR = "/Users/user/Dropbox/MSc DATA SCIENCE/SCC.462 - Distributed Artifical Intelligence/FINAL PROJECT (1ST MAY)/GameOfLife/_build/build/Release";
				EXECUTABLE_PREFIX = "";
				EXECUTABLE_SUFFIX = "";
				GCC_GENERATE_DEBUGGING_SYMBOLS = NO;
				GCC_INLINES_ARE_PRIVATE_EXTERN = NO;
				GCC_OPTIMIZATION_LEVEL = 3;
				GCC_PREPROCESSOR_DEFINITIONS = ("'CMAKE_INTDIR=\"$(CONFIGURATION)$(EFFECTIVE_PLATFORM_NAME)\"'","$(inherited)");
				GCC_SYMBOLS_PRIVATE_EXTERN = NO;
				INSTALL_PATH = "";
				OTHER_CPLUSPLUSFLAGS = "    -DNDEBUG '-std=gnu++20' ";
				OTHER_LDFLAGS = (" -Wl,-search_paths_first -Wl,-headerpad_max_install_names","$(inherited)");
				OTHER_REZFLAGS = "";
				PRODUCT_NAME = GameOfLifeA;
				SECTORDER_FLAGS = "";
				TARGET_TEMP_DIR = "/Users/user/Dropbox/MSc DATA SCIENCE/SCC.462 - Distributed Artifical Intelligence/FINAL PROJECT (1ST MAY)/GameOfLife/_build/build/GameOfLifeA.build/$(CONFIGURATION)$(EFFECTIVE_PLATFORM_NAME)";
				USE_HEADERMAP = NO;
				WARNING_CFLAGS = ("$(inherited)");
			};
			name = Release;
		};
/* End XCBuildConfiguration section */

/* Begin XCConfigurationList section */
		30846BA037474A77A9F8AFD5 /* Build configuration list for PBXAggregateTarget "ZERO_CHECK" */ = {
			isa = XCConfigurationList;
			buildConfigurations = (
				3268A2DCDCA34EA2B3CFA9CC /* Debug */,
				2DF0FC53453142A295529DD8 /* Release */,
				344E802F343749AC9B4F28DF /* MinSizeRel */,
				31123A1EC1B44CAEA10900D7 /* RelWithDebInfo */,
			);
			defaultConfigurationIsVisible = 0;
			defaultConfigurationName = Debug;
		};
		A73A663E5F7B4D4B83717580 /* Build configuration list for PBXProject "GameOfLifeA" */ = {
			isa = XCConfigurationList;
			buildConfigurations = (
				05E7E6EC1975424C8344A49D /* Debug */,
				E4D470DF477447B8A5D292A2 /* Release */,
				F29B7B51D9A044459898D1CC /* MinSizeRel */,
				9B1E37C3FE194B80B39E43DA /* RelWithDebInfo */,
			);
			defaultConfigurationIsVisible = 0;
			defaultConfigurationName = Debug;
		};
		AC62BFC1B49340CA864F72FC /* Build configuration list for PBXAggregateTarget "ALL_BUILD" */ = {
			isa = XCConfigurationList;
			buildConfigurations = (
				83D8C0DD23B2407AB96F6803 /* Debug */,
				D7747E7B8F064E3C834AC517 /* Release */,
				F7FA3BC7D69E43AD836527CD /* MinSizeRel */,
				5D47B42B72FD4BF0A3B8670B /* RelWithDebInfo */,
			);
			defaultConfigurationIsVisible = 0;
			defaultConfigurationName = Debug;
		};
		D8291DF77A8944C29FF5F96F /* Build configuration list for PBXNativeTarget "GameOfLifeA" */ = {
			isa = XCConfigurationList;
			buildConfigurations = (
				03AE681DEEFE4FC59A301899 /* Debug */,
				FA239B0BD0684DC79C7BDD41 /* Release */,
				E5CBCC54F8F243508FA5EA6B /* MinSizeRel */,
				E45B3F4521874274A1B5D60A /* RelWithDebInfo */,
			);
			defaultConfigurationIsVisible = 0;
			defaultConfigurationName = Debug;
		};
/* End XCConfigurationList section */
	};
	rootObject = 0F7E0CB38485405099865E16 /* Project object */;
}
